
Microsoft Visual Studio Solution File, Format Version 12.00
# Visual Studio 15
VisualStudioVersion = 15.0.26730.12
MinimumVisualStudioVersion = 10.0.40219.1
Project("{FAE04EC0-301F-11D3-BF4B-00C04F79EFBC}") = "StoryAdditions", "StoryAdditions\StoryAdditions.csproj", "{A8C7CFD1-94FE-475D-A41B-C1484E1939CD}"
EndProject
Global
	GlobalSection(SolutionConfigurationPlatforms) = preSolution
		Debug|Any CPU = Debug|Any CPU
		Release|Any CPU = Release|Any CPU
	EndGlobalSection
	GlobalSection(ProjectConfigurationPlatforms) = postSolution
		{A8C7CFD1-94FE-475D-A41B-C1484E1939CD}.Debug|Any CPU.ActiveCfg = Debug|Any CPU
		{A8C7CFD1-94FE-475D-A41B-C1484E1939CD}.Debug|Any CPU.Build.0 = Debug|Any CPU
		{A8C7CFD1-94FE-475D-A41B-C1484E1939CD}.Release|Any CPU.ActiveCfg = Release|Any CPU
		{A8C7CFD1-94FE-475D-A41B-C1484E1939CD}.Release|Any CPU.Build.0 = Release|Any CPU
	EndGlobalSection
	GlobalSection(SolutionProperties) = preSolution
		HideSolutionNode = FALSE
	EndGlobalSection
	GlobalSection(ExtensibilityGlobals) = postSolution
		SolutionGuid = {82B854A5-0411-4715-8D5B-7AB31C1B3488}
	EndGlobalSection
EndGlobal
